Microsoft Visual Studio Solution File, Format Version 12.00
# Visual Studio 2012
Project("{FAE04EC0-301F-11D3-BF4B-00C04F79EFBC}") = "GodotRollbackStateMachine", "GodotRollbackStateMachine.csproj", "{AE2C4562-5222-4C90-B6A0-48179B15A52A}"
EndProject
Global
	GlobalSection(SolutionConfigurationPlatforms) = preSolution
	Debug|Any CPU = Debug|Any CPU
	ExportDebug|Any CPU = ExportDebug|Any CPU
	ExportRelease|Any CPU = ExportRelease|Any CPU
	EndGlobalSection
	GlobalSection(ProjectConfigurationPlatforms) = postSolution
		{AE2C4562-5222-4C90-B6A0-48179B15A52A}.Debug|Any CPU.ActiveCfg = Debug|Any CPU
		{AE2C4562-5222-4C90-B6A0-48179B15A52A}.Debug|Any CPU.Build.0 = Debug|Any CPU
		{AE2C4562-5222-4C90-B6A0-48179B15A52A}.ExportDebug|Any CPU.ActiveCfg = ExportDebug|Any CPU
		{AE2C4562-5222-4C90-B6A0-48179B15A52A}.ExportDebug|Any CPU.Build.0 = ExportDebug|Any CPU
		{AE2C4562-5222-4C90-B6A0-48179B15A52A}.ExportRelease|Any CPU.ActiveCfg = ExportRelease|Any CPU
		{AE2C4562-5222-4C90-B6A0-48179B15A52A}.ExportRelease|Any CPU.Build.0 = ExportRelease|Any CPU
	EndGlobalSection
EndGlobal
